
Microsoft Visual Studio Solution File, Format Version 11.00
# Visual Studio 2010
Project("{8BC9CEB8-8B4A-11D0-8D11-00A0C91BC942}") = "lua53", "lua53\lua53.vcxproj", "{61DE0CF9-6B48-4DD9-BC31-6AC950AA3B9A}"
EndProject
Project("{8BC9CEB8-8B4A-11D0-8D11-00A0C91BC942}") = "lua", "lua\lua.vcxproj", "{4EE7E785-31BF-40EC-B488-6906ADEA2459}"
	ProjectSection(ProjectDependencies) = postProject
		{61DE0CF9-6B48-4DD9-BC31-6AC950AA3B9A} = {61DE0CF9-6B48-4DD9-BC31-6AC950AA3B9A}
	EndProjectSection
EndProject
Project("{8BC9CEB8-8B4A-11D0-8D11-00A0C91BC942}") = "luac", "luac\luac.vcxproj", "{CA2592D4-25E8-434B-9404-4D946D8B2319}"
EndProject
Project("{8BC9CEB8-8B4A-11D0-8D11-00A0C91BC942}") = "lua_test", "lua_test\lua_test.vcxproj", "{EC5231AF-51D3-47C0-BEAC-65BC7C005D81}"
EndProject
Global
	GlobalSection(SolutionConfigurationPlatforms) = preSolution
		Debug|Win32 = Debug|Win32
		Release|Win32 = Release|Win32
	EndGlobalSection
	GlobalSection(ProjectConfigurationPlatforms) = postSolution
		{61DE0CF9-6B48-4DD9-BC31-6AC950AA3B9A}.Debug|Win32.ActiveCfg = Debug|Win32
		{61DE0CF9-6B48-4DD9-BC31-6AC950AA3B9A}.Debug|Win32.Build.0 = Debug|Win32
		{61DE0CF9-6B48-4DD9-BC31-6AC950AA3B9A}.Release|Win32.ActiveCfg = Release|Win32
		{61DE0CF9-6B48-4DD9-BC31-6AC950AA3B9A}.Release|Win32.Build.0 = Release|Win32
		{4EE7E785-31BF-40EC-B488-6906ADEA2459}.Debug|Win32.ActiveCfg = Debug|Win32
		{4EE7E785-31BF-40EC-B488-6906ADEA2459}.Debug|Win32.Build.0 = Debug|Win32
		{4EE7E785-31BF-40EC-B488-6906ADEA2459}.Release|Win32.ActiveCfg = Release|Win32
		{4EE7E785-31BF-40EC-B488-6906ADEA2459}.Release|Win32.Build.0 = Release|Win32
		{CA2592D4-25E8-434B-9404-4D946D8B2319}.Debug|Win32.ActiveCfg = Debug|Win32
		{CA2592D4-25E8-434B-9404-4D946D8B2319}.Debug|Win32.Build.0 = Debug|Win32
		{CA2592D4-25E8-434B-9404-4D946D8B2319}.Release|Win32.ActiveCfg = Release|Win32
		{CA2592D4-25E8-434B-9404-4D946D8B2319}.Release|Win32.Build.0 = Release|Win32
		{EC5231AF-51D3-47C0-BEAC-65BC7C005D81}.Debug|Win32.ActiveCfg = Debug|Win32
		{EC5231AF-51D3-47C0-BEAC-65BC7C005D81}.Debug|Win32.Build.0 = Debug|Win32
		{EC5231AF-51D3-47C0-BEAC-65BC7C005D81}.Release|Win32.ActiveCfg = Release|Win32
		{EC5231AF-51D3-47C0-BEAC-65BC7C005D81}.Release|Win32.Build.0 = Release|Win32
	EndGlobalSection
	GlobalSection(SolutionProperties) = preSolution
		HideSolutionNode = FALSE
	EndGlobalSection
EndGlobal
